# THIS IS AN AUTOGENERATED FILE. DO NOT EDIT THIS FILE DIRECTLY.
# yarn lockfile v1


"@icons/material@^0.2.4":
  version "0.2.4"
  resolved "https://registry.yarnpkg.com/@icons/material/-/material-0.2.4.tgz#e90c9f71768b3736e76d7dd6783fc6c2afa88bc8"
  integrity sha512-QPcGmICAPbGLGb6F/yNf/KzKqvFx8z5qx3D1yFqVAjoFmXK35EgyW+cJ57Te3CNsmzblwtzakLGFqHPqrfb4Tw==

"@react-native-community/art@^1.2.0":
  version "1.2.0"
  resolved "https://registry.yarnpkg.com/@react-native-community/art/-/art-1.2.0.tgz#386d95393f6042d9006f9d4bc6063fb898794460"
  integrity sha512-a+ZcRGl/BzLa89yi33Mbn5SHavsEXqKUMdbfLf3U8MDLElndPqUetoJyGkv63+BcPO49UMWiQRP1YUz6/zfJ+A==
  dependencies:
    art "^0.10.3"
    invariant "^2.2.4"
    prop-types "^15.7.2"

art@^0.10.3:
  version "0.10.3"
  resolved "https://registry.yarnpkg.com/art/-/art-0.10.3.tgz#b01d84a968ccce6208df55a733838c96caeeaea2"
  integrity sha512-HXwbdofRTiJT6qZX/FnchtldzJjS3vkLJxQilc3Xj+ma2MXjY4UAyQ0ls1XZYVnDvVIBiFZbC6QsvtW86TD6tQ==

invariant@^2.2.4:
  version "2.2.4"
  resolved "https://registry.yarnpkg.com/invariant/-/invariant-2.2.4.tgz#610f3c92c9359ce1db616e538008d23ff35158e6"
  integrity sha512-phJfQVBuaJM5raOpJjSfkiD6BpbCE4Ns//LaXl6wGYtUBY83nWS6Rf9tXm2e8VaK60JEjYldbPif/A2B1C2gNA==
  dependencies:
    loose-envify "^1.0.0"

"js-tokens@^3.0.0 || ^4.0.0":
  version "4.0.0"
  resolved "https://registry.yarnpkg.com/js-tokens/-/js-tokens-4.0.0.tgz#19203fb59991df98e3a287050d4647cdeaf32499"
  integrity sha512-RdJUflcE3cUzKiMqQgsCu06FPu9UdIJO0beYbPhHN4k6apgJtifcoCtT9bcxOpYBtpD2kCM6Sbzg4CausW/PKQ==

lodash-es@^4.17.15:
  version "4.17.15"
  resolved "https://registry.yarnpkg.com/lodash-es/-/lodash-es-4.17.15.tgz#21bd96839354412f23d7a10340e5eac6ee455d78"
  integrity sha512-rlrc3yU3+JNOpZ9zj5pQtxnx2THmvRykwL4Xlxoa8I9lHBlVbbyPhgyPMioxVZ4NqyxaVVtaJnzsyOidQIhyyQ==

lodash@^4.0.1, lodash@^4.17.15:
  version "4.17.20"
  resolved "https://registry.yarnpkg.com/lodash/-/lodash-4.17.20.tgz#b44a9b6297bcb698f1c51a3545a2b3b368d59c52"
  integrity sha512-PlhdFcillOINfeV7Ni6oF1TAEayyZBoZ8bcshTHqOYJYlrqzRK5hagpagky5o4HfCzzd1TRkXPMFq6cKk9rGmA==

loose-envify@^1.0.0, loose-envify@^1.4.0:
  version "1.4.0"
  resolved "https://registry.yarnpkg.com/loose-envify/-/loose-envify-1.4.0.tgz#71ee51fa7be4caec1a63839f7e682d8132d30caf"
  integrity sha512-lyuxPGr/Wfhrlem2CL/UcnUc1zcqKAImBDzukY7Y5F/yQiNdko6+fRLevlw1HgMySw7f611UIY408EtxRSoK3Q==
  dependencies:
    js-tokens "^3.0.0 || ^4.0.0"

material-colors@^1.2.1:
  version "1.2.6"
  resolved "https://registry.yarnpkg.com/material-colors/-/material-colors-1.2.6.tgz#6d1958871126992ceecc72f4bcc4d8f010865f46"
  integrity sha512-6qE4B9deFBIa9YSpOc9O0Sgc43zTeVYbgDT5veRKSlB2+ZuHNoVVxA1L/ckMUayV9Ay9y7Z/SZCLcGteW9i7bg==

moment@^2.29.1:
  version "2.29.1"
  resolved "https://registry.yarnpkg.com/moment/-/moment-2.29.1.tgz#b2be769fa31940be9eeea6469c075e35006fa3d3"
  integrity sha512-kHmoybcPV8Sqy59DwNDY3Jefr64lK/by/da0ViFcuA4DH0vQg5Q6Ze5VimxkfQNSC+Mls/Kx53s7TjP1RhFEDQ==

object-assign@^4.1.1:
  version "4.1.1"
  resolved "https://registry.yarnpkg.com/object-assign/-/object-assign-4.1.1.tgz#2109adc7965887cfc05cbbd442cac8bfbb360863"
  integrity sha1-IQmtx5ZYh8/AXLvUQsrIv7s2CGM=

prop-types@^15.5.10, prop-types@^15.5.7, prop-types@^15.7.2:
  version "15.7.2"
  resolved "https://registry.yarnpkg.com/prop-types/-/prop-types-15.7.2.tgz#52c41e75b8c87e72b9d9360e0206b99dcbffa6c5"
  integrity sha512-8QQikdH7//R2vurIJSutZ1smHYTcLpRWEOlHnzcWHmBYrOGUysKwSsrC89BCiFj3CbrfJ/nXFdJepOVrY1GCHQ==
  dependencies:
    loose-envify "^1.4.0"
    object-assign "^4.1.1"
    react-is "^16.8.1"

qr.js@0.0.0:
  version "0.0.0"
  resolved "https://registry.yarnpkg.com/qr.js/-/qr.js-0.0.0.tgz#cace86386f59a0db8050fa90d9b6b0e88a1e364f"
  integrity sha1-ys6GOG9ZoNuAUPqQ2baw6IoeNk8=

react-color@^2.19.3:
  version "2.19.3"
  resolved "https://registry.yarnpkg.com/react-color/-/react-color-2.19.3.tgz#ec6c6b4568312a3c6a18420ab0472e146aa5683d"
  integrity sha512-LEeGE/ZzNLIsFWa1TMe8y5VYqr7bibneWmvJwm1pCn/eNmrabWDh659JSPn9BuaMpEfU83WTOJfnCcjDZwNQTA==
  dependencies:
    "@icons/material" "^0.2.4"
    lodash "^4.17.15"
    lodash-es "^4.17.15"
    material-colors "^1.2.1"
    prop-types "^15.5.10"
    reactcss "^1.2.0"
    tinycolor2 "^1.4.1"

react-datetime@^3.0.4:
  version "3.0.4"
  resolved "https://registry.yarnpkg.com/react-datetime/-/react-datetime-3.0.4.tgz#176159d08d35c9e750f0be2f0b974e4f9532ffa5"
  integrity sha512-v6MVwCve+DRaLN2f22LTO5TlrPpkUXumPkp1zfrbhaFtSYGl2grZ2JtwJfLxRj/T4ACyePAV4srCR6cMSiQ/Iw==
  dependencies:
    prop-types "^15.5.7"

react-is@^16.8.1:
  version "16.13.1"
  resolved "https://registry.yarnpkg.com/react-is/-/react-is-16.13.1.tgz#789729a4dc36de2999dc156dd6c1d9c18cea56a4"
  integrity sha512-24e6ynE2H+OKt4kqsOvNd8kBpV65zoxbA4BVsEOB3ARVWQki/DHzaUoC5KuON/BiccDaCCTZBuOcfZs70kR8bQ==

react-print-components@^1.0.4:
  version "1.0.4"
  resolved "https://registry.yarnpkg.com/react-print-components/-/react-print-components-1.0.4.tgz#a1df45535185f49859050a9a77e3ddac3d617717"
  integrity sha512-bD2pENHbqMQgnUHyxtNTe2w5lkJw86FBD7ELd+vQswnIuCmoit9E0Hu4JBHqtSAkheyEyB0tQKjHsiufCvo6VQ==
  dependencies:
    tslib "^1.9.3"

react-qr-code@^1.0.3:
  version "1.0.3"
  resolved "https://registry.yarnpkg.com/react-qr-code/-/react-qr-code-1.0.3.tgz#8a22965898e69c1985a4b7b5c89bb45ed693a554"
  integrity sha512-65zNCcrbUK9kTH3vsPDtpZe7fgnsy8EUdNPfWcpG1mgsGcpZs4cRjP2/IZiHzFbruu0F7Y5raDDkOrAmr7RwTA==
  dependencies:
    "@react-native-community/art" "^1.2.0"
    prop-types "^15.7.2"
    qr.js "0.0.0"

react-to-print@^2.10.3:
  version "2.10.3"
  resolved "https://registry.yarnpkg.com/react-to-print/-/react-to-print-2.10.3.tgz#397276d04baa6cb50b61b1d08a91d3bb318efe58"
  integrity sha512-kRRWpMz34s4lqulHVGokQBf8jvfgBzBeyE6duoKgyEyPnPPnvb6HY6o1J/SME5nqpE1iBr6JEWTJBQ2dFBxd9w==
  dependencies:
    prop-types "^15.7.2"

reactcss@^1.2.0:
  version "1.2.3"
  resolved "https://registry.yarnpkg.com/reactcss/-/reactcss-1.2.3.tgz#c00013875e557b1cf0dfd9a368a1c3dab3b548dd"
  integrity sha512-KiwVUcFu1RErkI97ywr8nvx8dNOpT03rbnma0SSalTYjkrPYaEajR4a/MRt6DZ46K6arDRbWMNHF+xH7G7n/8A==
  dependencies:
    lodash "^4.0.1"

tinycolor2@^1.4.1:
  version "1.4.2"
  resolved "https://registry.yarnpkg.com/tinycolor2/-/tinycolor2-1.4.2.tgz#3f6a4d1071ad07676d7fa472e1fac40a719d8803"
  integrity sha512-vJhccZPs965sV/L2sU4oRQVAos0pQXwsvTLkWYdqJ+a8Q5kPFzJTuOFwy7UniPli44NKQGAglksjvOcpo95aZA==

tslib@^1.9.3:
  version "1.14.1"
  resolved "https://registry.yarnpkg.com/tslib/-/tslib-1.14.1.tgz#cf2d38bdc34a134bcaf1091c41f6619e2f672d00"
  integrity sha512-Xni35NKzjgMrwevysHTCArtLDpPvye8zV/0E4EyYn43P7/7qvQwPh9BGkHewbMulVntbigmcT7rdX3BNo9wRJg==
